<?xml version="1.0" encoding="utf-8"?>
<Project ToolsVersion="4.0" xmlns="http://schemas.microsoft.com/developer/msbuild/2003">
  <ItemGroup>
    <Filter Include="源文件">
      <UniqueIdentifier>{4FC737F1-C7A5-4376-A066-2A32D752A2FF}</UniqueIdentifier>
      <Extensions>cpp;c;cc;cxx;def;odl;idl;hpj;bat;asm;asmx</Extensions>
    </Filter>
    <Filter Include="头文件">
      <UniqueIdentifier>{93995380-89BD-4b04-88EB-625FBE52EBFB}</UniqueIdentifier>
      <Extensions>h;hh;hpp;hxx;hm;inl;inc;xsd</Extensions>
    </Filter>
    <Filter Include="资源文件">
      <UniqueIdentifier>{67DA6AB6-F800-4c08-8B7A-83BB121AAD01}</UniqueIdentifier>
      <Extensions>rc;ico;cur;bmp;dlg;rc2;rct;bin;rgs;gif;jpg;jpeg;jpe;resx;tiff;tif;png;wav;mfcribbon-ms</Extensions>
    </Filter>
    <Filter Include="头文件\BucketSort">
      <UniqueIdentifier>{d737bf1c-27be-4151-a7cd-7d97a05b5ed5}</UniqueIdentifier>
    </Filter>
    <Filter Include="头文件\InsertSort">
      <UniqueIdentifier>{c6d584bf-e6ed-4ce3-b5f3-d97ae1a9b365}</UniqueIdentifier>
    </Filter>
    <Filter Include="头文件\QuickSort">
      <UniqueIdentifier>{417a7f25-aaf7-433d-89bc-af52f1127932}</UniqueIdentifier>
    </Filter>
    <Filter Include="头文件\Test">
      <UniqueIdentifier>{29beb572-7730-43f4-81e7-8663af94f77f}</UniqueIdentifier>
    </Filter>
    <Filter Include="头文件\HeapSort">
      <UniqueIdentifier>{03b65474-a896-4fa1-b38c-1993a46f539b}</UniqueIdentifier>
    </Filter>
    <Filter Include="头文件\BubbleSort">
      <UniqueIdentifier>{facf718a-1e14-41f3-9a64-fae2ef548801}</UniqueIdentifier>
    </Filter>
    <Filter Include="头文件\SelectionSort">
      <UniqueIdentifier>{e822a630-f0c4-401c-8b21-1390fcc96e26}</UniqueIdentifier>
    </Filter>
  </ItemGroup>
  <ItemGroup>
    <ClInclude Include="..\..\Sort\BucketSort\Bucket Sort\insert_sort.hpp">
      <Filter>头文件\InsertSort</Filter>
    </ClInclude>
    <ClInclude Include="..\..\Sort\BucketSort\Bucket Sort\bucket_sort.hpp">
      <Filter>头文件\BucketSort</Filter>
    </ClInclude>
    <ClInclude Include="..\..\Sort\BucketSort\Bucket Sort\thread_bucket_sort.hpp">
      <Filter>头文件\BucketSort</Filter>
    </ClInclude>
    <ClInclude Include="..\..\Sort\Sort\quick_sort.hpp">
      <Filter>头文件\QuickSort</Filter>
    </ClInclude>
    <ClInclude Include="..\..\Sort\Sort\test.hpp">
      <Filter>头文件\Test</Filter>
    </ClInclude>
    <ClInclude Include="..\..\Sort\Sort\heap_sort.hpp">
      <Filter>头文件\HeapSort</Filter>
    </ClInclude>
    <ClInclude Include="..\..\Sort\Sort\bubble_sort.hpp">
      <Filter>头文件\BubbleSort</Filter>
    </ClInclude>
    <ClInclude Include="..\..\Sort\Sort\selection_sort.hpp">
      <Filter>头文件\SelectionSort</Filter>
    </ClInclude>
  </ItemGroup>
  <ItemGroup>
    <ClCompile Include="..\..\Sort\Sort\main.cpp">
      <Filter>源文件</Filter>
    </ClCompile>
    <ClCompile Include="..\..\Sort\Sort\test.cpp">
      <Filter>源文件</Filter>
    </ClCompile>
  </ItemGroup>
</Project>