// !$*UTF8*$!
{
	archiveVersion = 1;
	classes = {
	};
	objectVersion = 46;
	objects = {

/* Begin PBXBuildFile section */
		825422B11BB1961800ECADFC /* main.cpp in Sources */ = {isa = PBXBuildFile; fileRef = 825422AA1BB17A8A00ECADFC /* main.cpp */; };
/* End PBXBuildFile section */

/* Begin PBXCopyFilesBuildPhase section */
		825422A51BB17A8A00ECADFC /* CopyFiles */ = {
			isa = PBXCopyFilesBuildPhase;
			buildActionMask = 2147483647;
			dstPath = /usr/share/man/man1/;
			dstSubfolderSpec = 0;
			files = (
			);
			runOnlyForDeploymentPostprocessing = 1;
		};
/* End PBXCopyFilesBuildPhase section */

/* Begin PBXFileReference section */
		825422A71BB17A8A00ECADFC /* Bucket Sort */ = {isa = PBXFileReference; explicitFileType = "compiled.mach-o.executable"; includeInIndex = 0; path = "Bucket Sort"; sourceTree = BUILT_PRODUCTS_DIR; };
		825422AA1BB17A8A00ECADFC /* main.cpp */ = {isa = PBXFileReference; lastKnownFileType = sourcecode.cpp.cpp; path = main.cpp; sourceTree = "<group>"; usesTabs = 0; };
		8260CA031D7FF0250081F1F4 /* bucket_sort.hpp */ = {isa = PBXFileReference; fileEncoding = 4; lastKnownFileType = sourcecode.cpp.h; path = bucket_sort.hpp; sourceTree = "<group>"; };
		8260CA061D7FF04D0081F1F4 /* utils.hpp */ = {isa = PBXFileReference; fileEncoding = 4; lastKnownFileType = sourcecode.cpp.h; path = utils.hpp; sourceTree = "<group>"; };
/* End PBXFileReference section */

/* Begin PBXFrameworksBuildPhase section */
		825422A41BB17A8A00ECADFC /* Frameworks */ = {
			isa = PBXFrameworksBuildPhase;
			buildActionMask = 2147483647;
			files = (
			);
			runOnlyForDeploymentPostprocessing = 0;
		};
/* End PBXFrameworksBuildPhase section */

/* Begin PBXGroup section */
		8254229E1BB17A8A00ECADFC = {
			isa = PBXGroup;
			children = (
				825422A91BB17A8A00ECADFC /* Bucket Sort */,
				825422A81BB17A8A00ECADFC /* Products */,
			);
			sourceTree = "<group>";
		};
		825422A81BB17A8A00ECADFC /* Products */ = {
			isa = PBXGroup;
			children = (
				825422A71BB17A8A00ECADFC /* Bucket Sort */,
			);
			name = Products;
			sourceTree = "<group>";
		};
		825422A91BB17A8A00ECADFC /* Bucket Sort */ = {
			isa = PBXGroup;
			children = (
				825422AA1BB17A8A00ECADFC /* main.cpp */,
				8260CA031D7FF0250081F1F4 /* bucket_sort.hpp */,
				8260CA061D7FF04D0081F1F4 /* utils.hpp */,
			);
			path = "Bucket Sort";
			sourceTree = "<group>";
		};
/* End PBXGroup section */

/* Begin PBXNativeTarget section */
		825422A61BB17A8A00ECADFC /* Bucket Sort */ = {
			isa = PBXNativeTarget;
			buildConfigurationList = 825422AE1BB17A8A00ECADFC /* Build configuration list for PBXNativeTarget "Bucket Sort" */;
			buildPhases = (
				825422A31BB17A8A00ECADFC /* Sources */,
				825422A41BB17A8A00ECADFC /* Frameworks */,
				825422A51BB17A8A00ECADFC /* CopyFiles */,
			);
			buildRules = (
			);
			dependencies = (
			);
			name = "Bucket Sort";
			productName = "Bucket Sort";
			productReference = 825422A71BB17A8A00ECADFC /* Bucket Sort */;
			productType = "com.apple.product-type.tool";
		};
/* End PBXNativeTarget section */

/* Begin PBXProject section */
		8254229F1BB17A8A00ECADFC /* Project object */ = {
			isa = PBXProject;
			attributes = {
				LastUpgradeCheck = 0700;
				ORGANIZATIONNAME = "郑振宇";
				TargetAttributes = {
					825422A61BB17A8A00ECADFC = {
						CreatedOnToolsVersion = 7.0;
					};
				};
			};
			buildConfigurationList = 825422A21BB17A8A00ECADFC /* Build configuration list for PBXProject "Bucket Sort" */;
			compatibilityVersion = "Xcode 3.2";
			developmentRegion = English;
			hasScannedForEncodings = 0;
			knownRegions = (
				en,
			);
			mainGroup = 8254229E1BB17A8A00ECADFC;
			productRefGroup = 825422A81BB17A8A00ECADFC /* Products */;
			projectDirPath = "";
			projectRoot = "";
			targets = (
				825422A61BB17A8A00ECADFC /* Bucket Sort */,
			);
		};
/* End PBXProject section */

/* Begin PBXSourcesBuildPhase section */
		825422A31BB17A8A00ECADFC /* Sources */ = {
			isa = PBXSourcesBuildPhase;
			buildActionMask = 2147483647;
			files = (
				825422B11BB1961800ECADFC /* main.cpp in Sources */,
			);
			runOnlyForDeploymentPostprocessing = 0;
		};
/* End PBXSourcesBuildPhase section */

/* Begin XCBuildConfiguration section */
		825422AC1BB17A8A00ECADFC /* Debug */ = {
			isa = XCBuildConfiguration;
			buildSettings = {
				ALWAYS_SEARCH_USER_PATHS = NO;
				CLANG_CXX_LANGUAGE_STANDARD = "gnu++0x";
				CLANG_CXX_LIBRARY = "libc++";
				CLANG_ENABLE_MODULES = YES;
				CLANG_ENABLE_OBJC_ARC = YES;
				CLANG_WARN_BOOL_CONVERSION = YES;
				CLANG_WARN_CONSTANT_CONVERSION = YES;
				CLANG_WARN_DIRECT_OBJC_ISA_USAGE = YES_ERROR;
				CLANG_WARN_EMPTY_BODY = YES;
				CLANG_WARN_ENUM_CONVERSION = YES;
				CLANG_WARN_INT_CONVERSION = YES;
				CLANG_WARN_OBJC_ROOT_CLASS = YES_ERROR;
				CLANG_WARN_UNREACHABLE_CODE = YES;
				CLANG_WARN__DUPLICATE_METHOD_MATCH = YES;
				COPY_PHASE_STRIP = NO;
				DEBUG_INFORMATION_FORMAT = dwarf;
				ENABLE_STRICT_OBJC_MSGSEND = YES;
				ENABLE_TESTABILITY = YES;
				GCC_C_LANGUAGE_STANDARD = gnu99;
				GCC_DYNAMIC_NO_PIC = NO;
				GCC_NO_COMMON_BLOCKS = YES;
				GCC_OPTIMIZATION_LEVEL = 0;
				GCC_PREPROCESSOR_DEFINITIONS = (
					"DEBUG=1",
					"$(inherited)",
				);
				GCC_WARN_64_TO_32_BIT_CONVERSION = YES;
				GCC_WARN_ABOUT_RETURN_TYPE = YES_ERROR;
				GCC_WARN_UNDECLARED_SELECTOR = YES;
				GCC_WARN_UNINITIALIZED_AUTOS = YES_AGGRESSIVE;
				GCC_WARN_UNUSED_FUNCTION = YES;
				GCC_WARN_UNUSED_VARIABLE = YES;
				MACOSX_DEPLOYMENT_TARGET = 10.10;
				MTL_ENABLE_DEBUG_INFO = YES;
				ONLY_ACTIVE_ARCH = YES;
				SDKROOT = macosx;
			};
			name = Debug;
		};
		825422AD1BB17A8A00ECADFC /* Release */ = {
			isa = XCBuildConfiguration;
			buildSettings = {
				ALWAYS_SEARCH_USER_PATHS = NO;
				CLANG_CXX_LANGUAGE_STANDARD = "gnu++0x";
				CLANG_CXX_LIBRARY = "libc++";
				CLANG_ENABLE_MODULES = YES;
				CLANG_ENABLE_OBJC_ARC = YES;
				CLANG_WARN_BOOL_CONVERSION = YES;
				CLANG_WARN_CONSTANT_CONVERSION = YES;
				CLANG_WARN_DIRECT_OBJC_ISA_USAGE = YES_ERROR;
				CLANG_WARN_EMPTY_BODY = YES;
				CLANG_WARN_ENUM_CONVERSION = YES;
				CLANG_WARN_INT_CONVERSION = YES;
				CLANG_WARN_OBJC_ROOT_CLASS = YES_ERROR;
				CLANG_WARN_UNREACHABLE_CODE = YES;
				CLANG_WARN__DUPLICATE_METHOD_MATCH = YES;
				COPY_PHASE_STRIP = NO;
				DEBUG_INFORMATION_FORMAT = "dwarf-with-dsym";
				ENABLE_NS_ASSERTIONS = NO;
				ENABLE_STRICT_OBJC_MSGSEND = YES;
				GCC_C_LANGUAGE_STANDARD = gnu99;
				GCC_NO_COMMON_BLOCKS = YES;
				GCC_WARN_64_TO_32_BIT_CONVERSION = YES;
				GCC_WARN_ABOUT_RETURN_TYPE = YES_ERROR;
				GCC_WARN_UNDECLARED_SELECTOR = YES;
				GCC_WARN_UNINITIALIZED_AUTOS = YES_AGGRESSIVE;
				GCC_WARN_UNUSED_FUNCTION = YES;
				GCC_WARN_UNUSED_VARIABLE = YES;
				MACOSX_DEPLOYMENT_TARGET = 10.10;
				MTL_ENABLE_DEBUG_INFO = NO;
				SDKROOT = macosx;
			};
			name = Release;
		};
		825422AF1BB17A8A00ECADFC /* Debug */ = {
			isa = XCBuildConfiguration;
			buildSettings = {
				PRODUCT_NAME = "$(TARGET_NAME)";
			};
			name = Debug;
		};
		825422B01BB17A8A00ECADFC /* Release */ = {
			isa = XCBuildConfiguration;
			buildSettings = {
				PRODUCT_NAME = "$(TARGET_NAME)";
			};
			name = Release;
		};
/* End XCBuildConfiguration section */

/* Begin XCConfigurationList section */
		825422A21BB17A8A00ECADFC /* Build configuration list for PBXProject "Bucket Sort" */ = {
			isa = XCConfigurationList;
			buildConfigurations = (
				825422AC1BB17A8A00ECADFC /* Debug */,
				825422AD1BB17A8A00ECADFC /* Release */,
			);
			defaultConfigurationIsVisible = 0;
			defaultConfigurationName = Release;
		};
		825422AE1BB17A8A00ECADFC /* Build configuration list for PBXNativeTarget "Bucket Sort" */ = {
			isa = XCConfigurationList;
			buildConfigurations = (
				825422AF1BB17A8A00ECADFC /* Debug */,
				825422B01BB17A8A00ECADFC /* Release */,
			);
			defaultConfigurationIsVisible = 0;
			defaultConfigurationName = Release;
		};
/* End XCConfigurationList section */
	};
	rootObject = 8254229F1BB17A8A00ECADFC /* Project object */;
}
